{
  "lockfileVersion": 1,
  "configVersion": 1,
  "workspaces": {
    "": {
      "name": "glyph-graphics",
      "devDependencies": {
        "@napi-rs/canvas": "^1.0.2",
        "@types/bun": "latest",
        "@types/three": "^0.185.1",
        "three": "^0.185.1",
        "typescript": "^5.9.3",
      },
      "peerDependencies": {
        "three": "^0.185.1",
      },
      "optionalPeers": [
        "three",
      ],
    },
  },
  "packages": {
    "@dimforge/rapier3d-compat": ["@dimforge/rapier3d-compat@0.12.0", "", {}, "sha512-uekIGetywIgopfD97oDL5PfeezkFpNhwlzlaEYNOA0N6ghdsOvh/HYjSMek5Q2O1PYvRSDFcqFVJl4r4ZBwOow=="],

    "@napi-rs/canvas": ["@napi-rs/canvas@1.0.2", "", { "optionalDependencies": { "@napi-rs/canvas-android-arm64": "1.0.2", "@napi-rs/canvas-darwin-arm64": "1.0.2", "@napi-rs/canvas-darwin-x64": "1.0.2", "@napi-rs/canvas-linux-arm-gnueabihf": "1.0.2", "@napi-rs/canvas-linux-arm64-gnu": "1.0.2", "@napi-rs/canvas-linux-arm64-musl": "1.0.2", "@napi-rs/canvas-linux-riscv64-gnu": "1.0.2", "@napi-rs/canvas-linux-x64-gnu": "1.0.2", "@napi-rs/canvas-linux-x64-musl": "1.0.2", "@napi-rs/canvas-win32-arm64-msvc": "1.0.2", "@napi-rs/canvas-win32-x64-msvc": "1.0.2" } }, "sha512-EYEqlMYaCbpZDz+IgDH5xp9MTd3ui4dmGqbQYryhMLnSRxrhHKq5KQWHHKxFUcEP4Hp8/BWgvqXocX4j7iSbOQ=="],

    "@napi-rs/canvas-android-arm64": ["@napi-rs/canvas-android-arm64@1.0.2", "", { "os": "android", "cpu": "arm64" }, "sha512-IMXKVQod0ol4vt3gmClUfXz4JAgHYESGPCUqmH3lQxBoL0K/2greJaQE1HVBVxWWFKfLc4OLZVdxg7kXVyXv+g=="],

    "@napi-rs/canvas-darwin-arm64": ["@napi-rs/canvas-darwin-arm64@1.0.2", "", { "os": "darwin", "cpu": "arm64" }, "sha512-Sc8tPi6cF+5lqOzCCKFALJHhDiRwyMzTPYm3bbhdXsOunU0lQO5f05ucyOzN2r55I23Hg5bsjH63uSCvWp3EgQ=="],

    "@napi-rs/canvas-darwin-x64": ["@napi-rs/canvas-darwin-x64@1.0.2", "", { "os": "darwin", "cpu": "x64" }, "sha512-niDXZ9LhKB1zLrUdYB64RHQFDGz9rr0eGx061qtJJU3U20EMMIx28ADF5fVYbhtOgkWQrBjFicfaye1yM0U62A=="],

    "@napi-rs/canvas-linux-arm-gnueabihf": ["@napi-rs/canvas-linux-arm-gnueabihf@1.0.2", "", { "os": "linux", "cpu": "arm" }, "sha512-sgatQL9JxGRH/Amzcvu0P3t8Am3duou74CisfuJ41Dwt8cWy723z/9KZ8LlgmxfypEwEZxSTNFJtU8d281lmhQ=="],

    "@napi-rs/canvas-linux-arm64-gnu": ["@napi-rs/canvas-linux-arm64-gnu@1.0.2", "", { "os": "linux", "cpu": "arm64" }, "sha512-dgKuX0peF3xwY6ZF5QxGS4wbfDqpoFAJYXiLSp+guZKARQUKMkRqZSDrXKj7nfrec3UCMzC0PFCPte0ES98AiA=="],

    "@napi-rs/canvas-linux-arm64-musl": ["@napi-rs/canvas-linux-arm64-musl@1.0.2", "", { "os": "linux", "cpu": "arm64" }, "sha512-qwROoDIC9upfvDoRLuPn2aNg9CGW1x0Ygr4k2Or+8paA9d0qBLwk87U+g8KQpoOviKoPoiwl97kvBYuYD7qZoA=="],

    "@napi-rs/canvas-linux-riscv64-gnu": ["@napi-rs/canvas-linux-riscv64-gnu@1.0.2", "", { "os": "linux", "cpu": "none" }, "sha512-fXRjnPihdnbO6qy1QQOgxAonb68A0TCEG7rj1x7v7rxNElsE8EVIKIEUTvyDtU+sthYSbX+8e7g3oZiLGnOmxw=="],

    "@napi-rs/canvas-linux-x64-gnu": ["@napi-rs/canvas-linux-x64-gnu@1.0.2", "", { "os": "linux", "cpu": "x64" }, "sha512-nPR97DXhbWIAy7yazF3jc06kEPMqYMLmPzFOVNlwKPfIoSChnI+x7dc0hTLaihz3jxrjL6j4BbA7earxfx4X3g=="],

    "@napi-rs/canvas-linux-x64-musl": ["@napi-rs/canvas-linux-x64-musl@1.0.2", "", { "os": "linux", "cpu": "x64" }, "sha512-l7zZY5+jL5qnBZtDz7CoBtY6p7EkHu422g/0zWwrOrzIwWyWxZFRfZZORY1UG7YApymPLx+UbOkN206xXn/c1Q=="],

    "@napi-rs/canvas-win32-arm64-msvc": ["@napi-rs/canvas-win32-arm64-msvc@1.0.2", "", { "os": "win32", "cpu": "arm64" }, "sha512-yE0koHCFF4PIbMc2o2SEALhnipz7WBISh5glLvQiomtIoCcW0np3H4Lw93ceJAfJttTTeIIWFbwH84F7EVzjMQ=="],

    "@napi-rs/canvas-win32-x64-msvc": ["@napi-rs/canvas-win32-x64-msvc@1.0.2", "", { "os": "win32", "cpu": "x64" }, "sha512-okU8/t2foV6C31n0GtvEMbfD5rOFc70+/6xUNME9Guld29sgSOIGUEDScAWFlcP3k5TYQRl9TNkwJEEjh15w8A=="],

    "@tweenjs/tween.js": ["@tweenjs/tween.js@23.1.3", "", {}, "sha512-vJmvvwFxYuGnF2axRtPYocag6Clbb5YS7kLL+SO/TeVFzHqDIWrNKYtcsPMibjDx9O+bu+psAy9NKfWklassUA=="],

    "@types/bun": ["@types/bun@1.3.14", "", { "dependencies": { "bun-types": "1.3.14" } }, "sha512-h1hFqFVcvAvD9j9K7ZW7vd82aSA+rTdznZa+5bwvCwqSB1jmmfLcbIWhOLx1/+boy/xmjgCs/OMUL8hRJSmnPw=="],

    "@types/node": ["@types/node@26.1.1", "", { "dependencies": { "undici-types": "~8.3.0" } }, "sha512-nxAkRSVkN1Y0JC1W8ky/fTfkGsMmcrRsbx+3XoZE+rMOX71kLYTV7fLXpqud1GpbpP5TuffXFqfX7fH2GgZREw=="],

    "@types/stats.js": ["@types/stats.js@0.17.4", "", {}, "sha512-jIBvWWShCvlBqBNIZt0KAshWpvSjhkwkEu4ZUcASoAvhmrgAUI2t1dXrjSL4xXVLB4FznPrIsX3nKXFl/Dt4vA=="],

    "@types/three": ["@types/three@0.185.1", "", { "dependencies": { "@dimforge/rapier3d-compat": "~0.12.0", "@tweenjs/tween.js": "~23.1.3", "@types/stats.js": "*", "@types/webxr": ">=0.5.17", "fflate": "~0.8.2", "meshoptimizer": "~1.1.1" } }, "sha512-db1xTb+EgYF2didW+eudSvVPtn75zo+fGsY8ShQrJY/B5ZBmC2Fiaykv3aImHAlCNEGuMPkPGXBJGLwzu5mC7A=="],

    "@types/webxr": ["@types/webxr@0.5.24", "", {}, "sha512-h8fgEd/DpoS9CBrjEQXR+dIDraopAEfu4wYVNY2tEPwk60stPWhvZMf4Foo5FakuQ7HFZoa8WceaWFervK2Ovg=="],

    "bun-types": ["bun-types@1.3.14", "", { "dependencies": { "@types/node": "*" } }, "sha512-4N0ig0fEomHt5R0KCFWjovxow98rIoRwKolrYdCcknNwMekCXRnWEUvgu5soYV8QXtVsrUD8B95MBOZGPvr6KQ=="],

    "fflate": ["fflate@0.8.3", "", {}, "sha512-tbZNuJrLwGUp3zshBtdy4W+ORxZuIh8a5ilyIEQDC5rY1f3U20JMry0Ll3WBzU58EZKsEuJFXhb5gwv8CsPvgA=="],

    "meshoptimizer": ["meshoptimizer@1.1.1", "", {}, "sha512-oRFNWJRDA/WTrVj7NWvqa5HqE1t9MYDj2VaWirQCzCCrAd2GHrqR/sQezCxiWATPNlKTcRaPRHPJwIRoPBAp5g=="],

    "three": ["three@0.185.1", "", {}, "sha512-5aojFCXKwnjBRZvUnt3WFfEcvUJgkN5LlijRFN95hMy8WVkG4I0QNcJE+OuWvuJ0bOdStrbfXn0pkd6/QyiAlg=="],

    "typescript": ["typescript@5.9.3", "", { "bin": { "tsc": "bin/tsc", "tsserver": "bin/tsserver" } }, "sha512-jl1vZzPDinLr9eUt3J/t7V6FgNEw9QjvBPdysz9KfQDD41fQrC2Y4vKQdiaUpFT4bXlb1RHhLpp8wtm6M5TgSw=="],

    "undici-types": ["undici-types@8.3.0", "", {}, "sha512-j375ScV60dom+YkPFIfTLcOiPxkN/buHz5GobjLhixFuANaNs3C9l4GmrWqejgXWJ7BbJcFYpTEUkS1Ge8bpZQ=="],
  }
}
